{
  "version": 4,
  "terraform_version": "1.14.8",
  "serial": 47,
  "lineage": "5ff25d27-dbe0-e674-1830-a02aec2ff25a",
  "outputs": {
    "cloud_sql_connection_name": {
      "value": "project-48d23e34-31d5-4d55-91d:europe-west1:my-sql-instance",
      "type": "string"
    },
    "cloud_sql_instance_name": {
      "value": "my-sql-instance",
      "type": "string"
    }
  },
  "resources": [
    {
      "mode": "data",
      "type": "google_project",
      "name": "project",
      "provider": "provider[\"registry.terraform.io/hashicorp/google\"]",
      "instances": [
        {
          "schema_version": 0,
          "attributes": {
            "auto_create_network": null,
            "billing_account": null,
            "deletion_policy": "DELETE",
            "effective_labels": {},
            "folder_id": "",
            "id": "projects/project-48d23e34-31d5-4d55-91d",
            "labels": {},
            "name": "My First Project",
            "number": "386996074066",
            "org_id": "828476669684",
            "project_id": "project-48d23e34-31d5-4d55-91d",
            "skip_delete": null,
            "terraform_labels": {}
          },
          "sensitive_attributes": [],
          "identity_schema_version": 0
        }
      ]
    },
    {
      "mode": "managed",
      "type": "google_cloud_run_service",
      "name": "php_app",
      "provider": "provider[\"registry.terraform.io/hashicorp/google\"]",
      "instances": [
        {
          "schema_version": 2,
          "attributes": {
            "autogenerate_revision_name": false,
            "id": "locations/europe-west1/namespaces/project-48d23e34-31d5-4d55-91d/services/php-app",
            "location": "europe-west1",
            "metadata": [
              {
                "annotations": {},
                "effective_annotations": {
                  "client.knative.dev/user-image": "gcr.io/project-48d23e34-31d5-4d55-91d/php-app:latest",
                  "run.googleapis.com/client-name": "gcloud",
                  "run.googleapis.com/client-version": "426.0.0",
                  "run.googleapis.com/ingress": "all",
                  "run.googleapis.com/ingress-status": "all",
                  "run.googleapis.com/maxScale": "3",
                  "run.googleapis.com/operation-id": "2a53c514-97c1-411f-b9e1-f21de38c9903",
                  "run.googleapis.com/urls": "[\"https://php-app-386996074066.europe-west1.run.app\",\"https://php-app-qefpywwduq-ew.a.run.app\"]",
                  "serving.knative.dev/creator": "my-service-accout@nice-karma-491618-v6.iam.gserviceaccount.com",
                  "serving.knative.dev/lastModifier": "r.stratkov@gmail.com"
                },
                "effective_labels": {
                  "cloud.googleapis.com/location": "europe-west1"
                },
                "generation": 6,
                "labels": {},
                "namespace": "project-48d23e34-31d5-4d55-91d",
                "resource_version": "AAZOOlZA2N8",
                "self_link": "/apis/serving.knative.dev/v1/namespaces/386996074066/services/php-app",
                "terraform_labels": {},
                "uid": "273e05c9-41db-4c01-9ab5-fe56753ead94"
              }
            ],
            "name": "php-app",
            "project": "project-48d23e34-31d5-4d55-91d",
            "status": [
              {
                "conditions": [
                  {
                    "message": "",
                    "reason": "",
                    "status": "True",
                    "type": "Ready"
                  },
                  {
                    "message": "",
                    "reason": "",
                    "status": "True",
                    "type": "ConfigurationsReady"
                  },
                  {
                    "message": "",
                    "reason": "",
                    "status": "True",
                    "type": "RoutesReady"
                  }
                ],
                "latest_created_revision_name": "php-app-00006-dug",
                "latest_ready_revision_name": "php-app-00006-dug",
                "observed_generation": 6,
                "traffic": [
                  {
                    "latest_revision": true,
                    "percent": 100,
                    "revision_name": "php-app-00006-dug",
                    "tag": "",
                    "url": ""
                  }
                ],
                "url": "https://php-app-qefpywwduq-ew.a.run.app"
              }
            ],
            "template": [
              {
                "metadata": [
                  {
                    "annotations": {
                      "autoscaling.knative.dev/maxScale": "3",
                      "run.googleapis.com/cloudsql-instances": "project-48d23e34-31d5-4d55-91d:europe-west1:my-sql-instance"
                    },
                    "generation": 0,
                    "labels": {
                      "run.googleapis.com/startupProbeType": "Default"
                    },
                    "name": "php-app-00006-dug",
                    "namespace": "",
                    "resource_version": "",
                    "self_link": "",
                    "uid": ""
                  }
                ],
                "spec": [
                  {
                    "container_concurrency": 80,
                    "containers": [
                      {
                        "args": [],
                        "command": [],
                        "env": [
                          {
                            "name": "CLOUD_SQL_CONNECTION_NAME",
                            "value": "project-48d23e34-31d5-4d55-91d:europe-west1:my-sql-instance",
                            "value_from": []
                          },
                          {
                            "name": "DB_HOST",
                            "value": "127.0.0.1",
                            "value_from": []
                          },
                          {
                            "name": "DB_NAME",
                            "value": "mydb",
                            "value_from": []
                          },
                          {
                            "name": "DB_PASSWORD",
                            "value": "PaSStest!123",
                            "value_from": []
                          },
                          {
                            "name": "DB_USER",
                            "value": "admin",
                            "value_from": []
                          }
                        ],
                        "env_from": [],
                        "image": "gcr.io/project-48d23e34-31d5-4d55-91d/php-app:v2",
                        "liveness_probe": [],
                        "name": "",
                        "ports": [
                          {
                            "container_port": 8080,
                            "name": "http1",
                            "protocol": ""
                          }
                        ],
                        "resources": [
                          {
                            "limits": {
                              "cpu": "1000m",
                              "memory": "512Mi"
                            },
                            "requests": {}
                          }
                        ],
                        "startup_probe": [
                          {
                            "failure_threshold": 1,
                            "grpc": [],
                            "http_get": [],
                            "initial_delay_seconds": 0,
                            "period_seconds": 240,
                            "tcp_socket": [
                              {
                                "port": 8080
                              }
                            ],
                            "timeout_seconds": 240
                          }
                        ],
                        "volume_mounts": [],
                        "working_dir": ""
                      }
                    ],
                    "service_account_name": "my-service-account@project-48d23e34-31d5-4d55-91d.iam.gserviceaccount.com",
                    "serving_state": "",
                    "timeout_seconds": 300,
                    "volumes": []
                  }
                ]
              }
            ],
            "timeouts": null,
            "traffic": [
              {
                "latest_revision": true,
                "percent": 100,
                "revision_name": "",
                "tag": "",
                "url": ""
              }
            ]
          },
          "sensitive_attributes": [],
          "identity_schema_version": 0,
          "private": "eyJlMmJmYjczMC1lY2FhLTExZTYtOGY4OC0zNDM2M2JjN2M0YzAiOnsiY3JlYXRlIjoxMjAwMDAwMDAwMDAwLCJkZWxldGUiOjEyMDAwMDAwMDAwMDAsInVwZGF0ZSI6MTIwMDAwMDAwMDAwMH0sInNjaGVtYV92ZXJzaW9uIjoiMiJ9",
          "dependencies": [
            "google_sql_database_instance.mysql"
          ]
        }
      ]
    },
    {
      "mode": "managed",
      "type": "google_sql_database",
      "name": "db",
      "provider": "provider[\"registry.terraform.io/hashicorp/google\"]",
      "instances": [
        {
          "schema_version": 0,
          "attributes": {
            "charset": "utf8mb4",
            "collation": "utf8mb4_0900_ai_ci",
            "deletion_policy": "DELETE",
            "id": "projects/project-48d23e34-31d5-4d55-91d/instances/my-sql-instance/databases/mydb",
            "instance": "my-sql-instance",
            "name": "mydb",
            "project": "project-48d23e34-31d5-4d55-91d",
            "self_link": "https://sqladmin.googleapis.com/sql/v1beta4/projects/project-48d23e34-31d5-4d55-91d/instances/my-sql-instance/databases/mydb",
            "timeouts": null
          },
          "sensitive_attributes": [],
          "identity_schema_version": 0,
          "private": "eyJlMmJmYjczMC1lY2FhLTExZTYtOGY4OC0zNDM2M2JjN2M0YzAiOnsiY3JlYXRlIjoxMjAwMDAwMDAwMDAwLCJkZWxldGUiOjEyMDAwMDAwMDAwMDAsInVwZGF0ZSI6MTIwMDAwMDAwMDAwMH19",
          "dependencies": [
            "google_sql_database_instance.mysql"
          ]
        }
      ]
    },
    {
      "mode": "managed",
      "type": "google_sql_database_instance",
      "name": "mysql",
      "provider": "provider[\"registry.terraform.io/hashicorp/google\"]",
      "instances": [
        {
          "schema_version": 0,
          "attributes": {
            "available_maintenance_versions": [],
            "clone": [],
            "connection_name": "project-48d23e34-31d5-4d55-91d:europe-west1:my-sql-instance",
            "database_version": "MYSQL_8_0",
            "deletion_protection": false,
            "dns_name": "",
            "encryption_key_name": null,
            "first_ip_address": "35.233.16.193",
            "id": "my-sql-instance",
            "instance_type": "CLOUD_SQL_INSTANCE",
            "ip_address": [
              {
                "ip_address": "35.233.16.193",
                "time_to_retire": "",
                "type": "PRIMARY"
              }
            ],
            "maintenance_version": "MYSQL_8_0_44.R20260320.00_00",
            "master_instance_name": "",
            "name": "my-sql-instance",
            "private_ip_address": "",
            "project": "project-48d23e34-31d5-4d55-91d",
            "psc_service_attachment_link": "",
            "public_ip_address": "35.233.16.193",
            "region": "europe-west1",
            "replica_configuration": [],
            "restore_backup_context": [],
            "root_password": null,
            "self_link": "https://sqladmin.googleapis.com/sql/v1beta4/projects/project-48d23e34-31d5-4d55-91d/instances/my-sql-instance",
            "server_ca_cert": [
              {
                "cert": "-----BEGIN CERTIFICATE-----\nMIIDcTCCAlmgAwIBAgIBADANBgkqhkiG9w0BAQsFADBwMS0wKwYDVQQuEyRiMzk3\nNGU2OC0yNDU2LTRmMGYtOGY4Yi03NGExNTI2MzlkMzIxHDAaBgNVBAMTE0Nsb3Vk\nIFNRTCBTZXJ2ZXIgQ0ExFDASBgNVBAoTC0dvb2dsZSwgSW5jMQswCQYDVQQGEwJV\nUzAeFw0yNjAzMjgxODU4MjFaFw0zNjAzMjUxODU5MjFaMHAxLTArBgNVBC4TJGIz\nOTc0ZTY4LTI0NTYtNGYwZi04ZjhiLTc0YTE1MjYzOWQzMjEcMBoGA1UEAxMTQ2xv\ndWQgU1FMIFNlcnZlciBDQTEUMBIGA1UEChMLR29vZ2xlLCBJbmMxCzAJBgNVBAYT\nAlVTMIIBIjANBgkqhkiG9w0BAQEFAAOCAQ8AMIIBCgKCAQEAuevFUExMdmxwac9J\nFVXOPnGu/QdfXz+/1LGLEaRVdUFh1sswFLPGVIUnrv/vKfrL1TkVt7lu4rgULp9e\nKspjNTebsH+YfszGZ42NNlk8lQkCa4u9FcCt0lFPPn8LVVaXAgLqVrVZOgvXH+0d\nYpj7KnRpnld9gqYfhKUwIb+8OvIza6AV8kK9+uXYCCGRl4Scnmo2FAmEGjXguVUK\n5x3wmJ8pOOX2Z2Kp5DXTVEK27dLkUl9HdvCwTAU3SS7vypBnOzJkp1Pvf99tjlD5\nFt5T2bfvIH3/e+CIA/d3dHCpLkkA5sjPFf0iZGWyWK7ZXUqVhJrMHqp32N3z6FDw\nJT09GQIDAQABoxYwFDASBgNVHRMBAf8ECDAGAQH/AgEAMA0GCSqGSIb3DQEBCwUA\nA4IBAQCXdVitgPdv28EoOxpNQUIClEvE8EMjLUgsGSfdqu9fAO+BB1IXV1rcGSU1\n9GHjF1ocQHakVeqQUW7L26POjwFuJX0uhOixpp418AUepEXq72gbeHgBCffnWiS5\nlDYG2qzvf/N770FWxKFwZAVU6IXgnAwZd39Qp6lY7SB5CwV9dJFBHdarKJexgSNT\nYFns5x302+Hz9GzIWRSWHAJM/GZZmEBTu9khNj9Xts6rK8Rki86geFR7yLXtPIIB\nlQUZ0ehXsobvh6JbTBBmShHqk9QNVPkoHVTuoYZXwVJvWdAQ55KMuFdgOz0BVtpJ\n8Qv+7JJWWteWroG8+LsOAIGZbLHT\n-----END CERTIFICATE-----",
                "common_name": "C=US,O=Google\\, Inc,CN=Cloud SQL Server CA,dnQualifier=b3974e68-2456-4f0f-8f8b-74a152639d32",
                "create_time": "2026-03-28T18:58:21.721Z",
                "expiration_time": "2036-03-25T18:59:21.721Z",
                "sha1_fingerprint": "3b4fc28bcc320757a5ecf0180c6977d54a70b010"
              }
            ],
            "service_account_email_address": "p386996074066-a29wv6@gcp-sa-cloud-sql.iam.gserviceaccount.com",
            "settings": [
              {
                "activation_policy": "ALWAYS",
                "active_directory_config": [],
                "advanced_machine_features": [],
                "availability_type": "ZONAL",
                "backup_configuration": [
                  {
                    "backup_retention_settings": [
                      {
                        "retained_backups": 7,
                        "retention_unit": "COUNT"
                      }
                    ],
                    "binary_log_enabled": false,
                    "enabled": false,
                    "location": "",
                    "point_in_time_recovery_enabled": false,
                    "start_time": "00:00",
                    "transaction_log_retention_days": 7
                  }
                ],
                "collation": "",
                "connector_enforcement": "NOT_REQUIRED",
                "data_cache_config": [],
                "database_flags": [],
                "deletion_protection_enabled": false,
                "deny_maintenance_period": [],
                "disk_autoresize": true,
                "disk_autoresize_limit": 0,
                "disk_size": 10,
                "disk_type": "PD_SSD",
                "edition": "ENTERPRISE",
                "enable_dataplex_integration": false,
                "enable_google_ml_integration": false,
                "insights_config": [],
                "ip_configuration": [
                  {
                    "allocated_ip_range": "",
                    "authorized_networks": [],
                    "enable_private_path_for_google_cloud_services": false,
                    "ipv4_enabled": true,
                    "private_network": "",
                    "psc_config": [],
                    "require_ssl": false,
                    "server_ca_mode": "GOOGLE_MANAGED_INTERNAL_CA",
                    "ssl_mode": ""
                  }
                ],
                "location_preference": [
                  {
                    "follow_gae_application": "",
                    "secondary_zone": "",
                    "zone": "europe-west1-b"
                  }
                ],
                "maintenance_window": [],
                "password_validation_policy": [],
                "pricing_plan": "PER_USE",
                "sql_server_audit_config": [],
                "tier": "db-f1-micro",
                "time_zone": "",
                "user_labels": {},
                "version": 8
              }
            ],
            "timeouts": null
          },
          "sensitive_attributes": [
            [
              {
                "type": "get_attr",
                "value": "root_password"
              }
            ],
            [
              {
                "type": "get_attr",
                "value": "server_ca_cert"
              }
            ]
          ],
          "identity_schema_version": 0,
          "private": "eyJlMmJmYjczMC1lY2FhLTExZTYtOGY4OC0zNDM2M2JjN2M0YzAiOnsiY3JlYXRlIjo1NDAwMDAwMDAwMDAwLCJkZWxldGUiOjU0MDAwMDAwMDAwMDAsInVwZGF0ZSI6NTQwMDAwMDAwMDAwMH19"
        }
      ]
    },
    {
      "mode": "managed",
      "type": "google_sql_user",
      "name": "root",
      "provider": "provider[\"registry.terraform.io/hashicorp/google\"]",
      "instances": [
        {
          "schema_version": 1,
          "attributes": {
            "deletion_policy": null,
            "host": "",
            "id": "admin//my-sql-instance",
            "instance": "my-sql-instance",
            "name": "admin",
            "password": "PaSStest!123",
            "password_policy": [],
            "project": "project-48d23e34-31d5-4d55-91d",
            "sql_server_user_details": [],
            "timeouts": null,
            "type": ""
          },
          "sensitive_attributes": [
            [
              {
                "type": "get_attr",
                "value": "password"
              }
            ]
          ],
          "identity_schema_version": 0,
          "private": "eyJlMmJmYjczMC1lY2FhLTExZTYtOGY4OC0zNDM2M2JjN2M0YzAiOnsiY3JlYXRlIjo2MDAwMDAwMDAwMDAsImRlbGV0ZSI6NjAwMDAwMDAwMDAwLCJ1cGRhdGUiOjYwMDAwMDAwMDAwMH0sInNjaGVtYV92ZXJzaW9uIjoiMSJ9",
          "dependencies": [
            "google_sql_database_instance.mysql"
          ]
        }
      ]
    }
  ],
  "check_results": null
}
